<?xml version="1.0" encoding="utf-8"?>
<Project ToolsVersion="4.0" xmlns="http://schemas.microsoft.com/developer/msbuild/2003">
  <ItemGroup>
    <Filter Include="Source Files">
      <UniqueIdentifier>{4FC737F1-C7A5-4376-A066-2A32D752A2FF}</UniqueIdentifier>
      <Extensions>cpp;c;cc;cxx;c++;cppm;ixx;def;odl;idl;hpj;bat;asm;asmx</Extensions>
    </Filter>
    <Filter Include="Resource Files">
      <UniqueIdentifier>{67DA6AB6-F800-4c08-8B7A-83BB121AAD01}</UniqueIdentifier>
      <Extensions>rc;ico;cur;bmp;dlg;rc2;rct;bin;rgs;gif;jpg;jpeg;jpe;resx;tiff;tif;png;wav;mfcribbon-ms</Extensions>
    </Filter>
    <Filter Include="Source Files\Window">
      <UniqueIdentifier>{9e90598d-a416-48c2-9bb2-7862ea5ddd32}</UniqueIdentifier>
    </Filter>
    <Filter Include="Source Files\Command">
      <UniqueIdentifier>{fc6ba1b2-03b6-4c83-bb8b-2e7ff9dcdcc6}</UniqueIdentifier>
    </Filter>
    <Filter Include="Source Files\Scenes">
      <UniqueIdentifier>{ff00736a-db2f-470f-a2a7-8e565106957c}</UniqueIdentifier>
    </Filter>
    <Filter Include="Source Files\Scenes\Main Scene">
      <UniqueIdentifier>{a51df832-78dc-4115-a47e-1fc83355cad2}</UniqueIdentifier>
    </Filter>
    <Filter Include="Source Files\Managers">
      <UniqueIdentifier>{964cf2b3-b223-41b0-8e95-112718baec09}</UniqueIdentifier>
    </Filter>
  </ItemGroup>
  <ItemGroup>
    <ClCompile Include="src\main.cpp">
      <Filter>Source Files</Filter>
    </ClCompile>
    <ClCompile Include="src\scenes\SceneMainMenu.cpp">
      <Filter>Source Files\Scenes\Main Scene</Filter>
    </ClCompile>
    <ClCompile Include="src\scenes\SceneManager.cpp">
      <Filter>Source Files\Managers</Filter>
    </ClCompile>
    <ClCompile Include="src\core\Window.cpp">
      <Filter>Source Files\Window</Filter>
    </ClCompile>
    <ClCompile Include="src\scenes\SceneGameplay.cpp">
      <Filter>Source Files</Filter>
    </ClCompile>
    <ClCompile Include="include\locomotionproject2000\scenes\SceneGameplay.h">
      <Filter>Source Files</Filter>
    </ClCompile>
  </ItemGroup>
  <ItemGroup>
    <ClInclude Include="include\locomotionproject2000\scenes\Scene.h">
      <Filter>Source Files\Scenes</Filter>
    </ClInclude>
    <ClInclude Include="include\locomotionproject2000\scenes\SceneMainMenu.h">
      <Filter>Source Files\Scenes\Main Scene</Filter>
    </ClInclude>
    <ClInclude Include="include\locomotionproject2000\scenes\SceneManager.h">
      <Filter>Source Files\Managers</Filter>
    </ClInclude>
    <ClInclude Include="include\locomotionproject2000\core\Command.h">
      <Filter>Source Files\Command</Filter>
    </ClInclude>
    <ClInclude Include="include\locomotionproject2000\core\Window.h">
      <Filter>Source Files\Window</Filter>
    </ClInclude>
  </ItemGroup>
</Project>